// !$*UTF8*$!
{
	archiveVersion = 1;
	classes = {
	};
	objectVersion = 46;
	objects = {

/* Begin PBXBuildFile section */
		B4018ED81E696D2E00541B59 /* main.m in Sources */ = {isa = PBXBuildFile; fileRef = B4018ED71E696D2E00541B59 /* main.m */; };
		B4018EDB1E696D2E00541B59 /* AppDelegate.m in Sources */ = {isa = PBXBuildFile; fileRef = B4018EDA1E696D2E00541B59 /* AppDelegate.m */; };
		B4018EDE1E696D2E00541B59 /* ViewController.m in Sources */ = {isa = PBXBuildFile; fileRef = B4018EDD1E696D2E00541B59 /* ViewController.m */; };
		B4018EE11E696D2E00541B59 /* Main.storyboard in Resources */ = {isa = PBXBuildFile; fileRef = B4018EDF1E696D2E00541B59 /* Main.storyboard */; };
		B4018EE41E696D2E00541B59 /* wheelCollectionView.xcdatamodeld in Sources */ = {isa = PBXBuildFile; fileRef = B4018EE21E696D2E00541B59 /* wheelCollectionView.xcdatamodeld */; };
		B4018EE61E696D2E00541B59 /* Assets.xcassets in Resources */ = {isa = PBXBuildFile; fileRef = B4018EE51E696D2E00541B59 /* Assets.xcassets */; };
		B4018EE91E696D2E00541B59 /* LaunchScreen.storyboard in Resources */ = {isa = PBXBuildFile; fileRef = B4018EE71E696D2E00541B59 /* LaunchScreen.storyboard */; };
		B49219DD1E7046BB00409487 /* ALWheelCollectionViewFlowLayout.m in Sources */ = {isa = PBXBuildFile; fileRef = B49219DA1E7046BB00409487 /* ALWheelCollectionViewFlowLayout.m */; };
		B49219DE1E7046BB00409487 /* ALWheelView.m in Sources */ = {isa = PBXBuildFile; fileRef = B49219DC1E7046BB00409487 /* ALWheelView.m */; };
/* End PBXBuildFile section */

/* Begin PBXFileReference section */
		B4018ED31E696D2E00541B59 /* wheelCollectionView.app */ = {isa = PBXFileReference; explicitFileType = wrapper.application; includeInIndex = 0; path = wheelCollectionView.app; sourceTree = BUILT_PRODUCTS_DIR; };
		B4018ED71E696D2E00541B59 /* main.m */ = {isa = PBXFileReference; lastKnownFileType = sourcecode.c.objc; path = main.m; sourceTree = "<group>"; };
		B4018ED91E696D2E00541B59 /* AppDelegate.h */ = {isa = PBXFileReference; lastKnownFileType = sourcecode.c.h; path = AppDelegate.h; sourceTree = "<group>"; };
		B4018EDA1E696D2E00541B59 /* AppDelegate.m */ = {isa = PBXFileReference; lastKnownFileType = sourcecode.c.objc; path = AppDelegate.m; sourceTree = "<group>"; };
		B4018EDC1E696D2E00541B59 /* ViewController.h */ = {isa = PBXFileReference; lastKnownFileType = sourcecode.c.h; path = ViewController.h; sourceTree = "<group>"; };
		B4018EDD1E696D2E00541B59 /* ViewController.m */ = {isa = PBXFileReference; lastKnownFileType = sourcecode.c.objc; path = ViewController.m; sourceTree = "<group>"; };
		B4018EE01E696D2E00541B59 /* Base */ = {isa = PBXFileReference; lastKnownFileType = file.storyboard; name = Base; path = Base.lproj/Main.storyboard; sourceTree = "<group>"; };
		B4018EE31E696D2E00541B59 /* wheelCollectionView.xcdatamodel */ = {isa = PBXFileReference; lastKnownFileType = wrapper.xcdatamodel; path = wheelCollectionView.xcdatamodel; sourceTree = "<group>"; };
		B4018EE51E696D2E00541B59 /* Assets.xcassets */ = {isa = PBXFileReference; lastKnownFileType = folder.assetcatalog; path = Assets.xcassets; sourceTree = "<group>"; };
		B4018EE81E696D2E00541B59 /* Base */ = {isa = PBXFileReference; lastKnownFileType = file.storyboard; name = Base; path = Base.lproj/LaunchScreen.storyboard; sourceTree = "<group>"; };
		B4018EEA1E696D2E00541B59 /* Info.plist */ = {isa = PBXFileReference; lastKnownFileType = text.plist.xml; path = Info.plist; sourceTree = "<group>"; };
		B49219D91E7046BB00409487 /* ALWheelCollectionViewFlowLayout.h */ = {isa = PBXFileReference; fileEncoding = 4; lastKnownFileType = sourcecode.c.h; path = ALWheelCollectionViewFlowLayout.h; sourceTree = "<group>"; };
		B49219DA1E7046BB00409487 /* ALWheelCollectionViewFlowLayout.m */ = {isa = PBXFileReference; fileEncoding = 4; lastKnownFileType = sourcecode.c.objc; path = ALWheelCollectionViewFlowLayout.m; sourceTree = "<group>"; };
		B49219DB1E7046BB00409487 /* ALWheelView.h */ = {isa = PBXFileReference; fileEncoding = 4; lastKnownFileType = sourcecode.c.h; path = ALWheelView.h; sourceTree = "<group>"; };
		B49219DC1E7046BB00409487 /* ALWheelView.m */ = {isa = PBXFileReference; fileEncoding = 4; lastKnownFileType = sourcecode.c.objc; path = ALWheelView.m; sourceTree = "<group>"; };
/* End PBXFileReference section */

/* Begin PBXFrameworksBuildPhase section */
		B4018ED01E696D2E00541B59 /* Frameworks */ = {
			isa = PBXFrameworksBuildPhase;
			buildActionMask = 2147483647;
			files = (
			);
			runOnlyForDeploymentPostprocessing = 0;
		};
/* End PBXFrameworksBuildPhase section */

/* Begin PBXGroup section */
		B4018ECA1E696D2E00541B59 = {
			isa = PBXGroup;
			children = (
				B49219D81E7046BB00409487 /* ALWheelView */,
				B4018ED51E696D2E00541B59 /* wheelCollectionView */,
				B4018ED41E696D2E00541B59 /* Products */,
			);
			sourceTree = "<group>";
		};
		B4018ED41E696D2E00541B59 /* Products */ = {
			isa = PBXGroup;
			children = (
				B4018ED31E696D2E00541B59 /* wheelCollectionView.app */,
			);
			name = Products;
			sourceTree = "<group>";
		};
		B4018ED51E696D2E00541B59 /* wheelCollectionView */ = {
			isa = PBXGroup;
			children = (
				B4018ED91E696D2E00541B59 /* AppDelegate.h */,
				B4018EDA1E696D2E00541B59 /* AppDelegate.m */,
				B4018EDC1E696D2E00541B59 /* ViewController.h */,
				B4018EDD1E696D2E00541B59 /* ViewController.m */,
				B4018EDF1E696D2E00541B59 /* Main.storyboard */,
				B4018EE51E696D2E00541B59 /* Assets.xcassets */,
				B4018EE71E696D2E00541B59 /* LaunchScreen.storyboard */,
				B4018EEA1E696D2E00541B59 /* Info.plist */,
				B4018EE21E696D2E00541B59 /* wheelCollectionView.xcdatamodeld */,
				B4018ED61E696D2E00541B59 /* Supporting Files */,
			);
			path = wheelCollectionView;
			sourceTree = "<group>";
		};
		B4018ED61E696D2E00541B59 /* Supporting Files */ = {
			isa = PBXGroup;
			children = (
				B4018ED71E696D2E00541B59 /* main.m */,
			);
			name = "Supporting Files";
			sourceTree = "<group>";
		};
		B49219D81E7046BB00409487 /* ALWheelView */ = {
			isa = PBXGroup;
			children = (
				B49219D91E7046BB00409487 /* ALWheelCollectionViewFlowLayout.h */,
				B49219DA1E7046BB00409487 /* ALWheelCollectionViewFlowLayout.m */,
				B49219DB1E7046BB00409487 /* ALWheelView.h */,
				B49219DC1E7046BB00409487 /* ALWheelView.m */,
			);
			path = ALWheelView;
			sourceTree = "<group>";
		};
/* End PBXGroup section */

/* Begin PBXNativeTarget section */
		B4018ED21E696D2E00541B59 /* wheelCollectionView */ = {
			isa = PBXNativeTarget;
			buildConfigurationList = B4018EED1E696D2E00541B59 /* Build configuration list for PBXNativeTarget "wheelCollectionView" */;
			buildPhases = (
				B4018ECF1E696D2E00541B59 /* Sources */,
				B4018ED01E696D2E00541B59 /* Frameworks */,
				B4018ED11E696D2E00541B59 /* Resources */,
			);
			buildRules = (
			);
			dependencies = (
			);
			name = wheelCollectionView;
			productName = wheelCollectionView;
			productReference = B4018ED31E696D2E00541B59 /* wheelCollectionView.app */;
			productType = "com.apple.product-type.application";
		};
/* End PBXNativeTarget section */

/* Begin PBXProject section */
		B4018ECB1E696D2E00541B59 /* Project object */ = {
			isa = PBXProject;
			attributes = {
				LastUpgradeCheck = 0820;
				ORGANIZATIONNAME = ashli;
				TargetAttributes = {
					B4018ED21E696D2E00541B59 = {
						CreatedOnToolsVersion = 8.2.1;
						DevelopmentTeam = X9ZJGUCD54;
						ProvisioningStyle = Automatic;
					};
				};
			};
			buildConfigurationList = B4018ECE1E696D2E00541B59 /* Build configuration list for PBXProject "wheelCollectionView" */;
			compatibilityVersion = "Xcode 3.2";
			developmentRegion = English;
			hasScannedForEncodings = 0;
			knownRegions = (
				en,
				Base,
			);
			mainGroup = B4018ECA1E696D2E00541B59;
			productRefGroup = B4018ED41E696D2E00541B59 /* Products */;
			projectDirPath = "";
			projectRoot = "";
			targets = (
				B4018ED21E696D2E00541B59 /* wheelCollectionView */,
			);
		};
/* End PBXProject section */

/* Begin PBXResourcesBuildPhase section */
		B4018ED11E696D2E00541B59 /* Resources */ = {
			isa = PBXResourcesBuildPhase;
			buildActionMask = 2147483647;
			files = (
				B4018EE91E696D2E00541B59 /* LaunchScreen.storyboard in Resources */,
				B4018EE61E696D2E00541B59 /* Assets.xcassets in Resources */,
				B4018EE11E696D2E00541B59 /* Main.storyboard in Resources */,
			);
			runOnlyForDeploymentPostprocessing = 0;
		};
/* End PBXResourcesBuildPhase section */

/* Begin PBXSourcesBuildPhase section */
		B4018ECF1E696D2E00541B59 /* Sources */ = {
			isa = PBXSourcesBuildPhase;
			buildActionMask = 2147483647;
			files = (
				B49219DD1E7046BB00409487 /* ALWheelCollectionViewFlowLayout.m in Sources */,
				B4018EE41E696D2E00541B59 /* wheelCollectionView.xcdatamodeld in Sources */,
				B4018EDE1E696D2E00541B59 /* ViewController.m in Sources */,
				B49219DE1E7046BB00409487 /* ALWheelView.m in Sources */,
				B4018EDB1E696D2E00541B59 /* AppDelegate.m in Sources */,
				B4018ED81E696D2E00541B59 /* main.m in Sources */,
			);
			runOnlyForDeploymentPostprocessing = 0;
		};
/* End PBXSourcesBuildPhase section */

/* Begin PBXVariantGroup section */
		B4018EDF1E696D2E00541B59 /* Main.storyboard */ = {
			isa = PBXVariantGroup;
			children = (
				B4018EE01E696D2E00541B59 /* Base */,
			);
			name = Main.storyboard;
			sourceTree = "<group>";
		};
		B4018EE71E696D2E00541B59 /* LaunchScreen.storyboard */ = {
			isa = PBXVariantGroup;
			children = (
				B4018EE81E696D2E00541B59 /* Base */,
			);
			name = LaunchScreen.storyboard;
			sourceTree = "<group>";
		};
/* End PBXVariantGroup section */

/* Begin XCBuildConfiguration section */
		B4018EEB1E696D2E00541B59 /* Debug */ = {
			isa = XCBuildConfiguration;
			buildSettings = {
				ALWAYS_SEARCH_USER_PATHS = NO;
				CLANG_ANALYZER_NONNULL = YES;
				CLANG_CXX_LANGUAGE_STANDARD = "gnu++0x";
				CLANG_CXX_LIBRARY = "libc++";
				CLANG_ENABLE_MODULES = YES;
				CLANG_ENABLE_OBJC_ARC = YES;
				CLANG_WARN_BOOL_CONVERSION = YES;
				CLANG_WARN_CONSTANT_CONVERSION = YES;
				CLANG_WARN_DIRECT_OBJC_ISA_USAGE = YES_ERROR;
				CLANG_WARN_DOCUMENTATION_COMMENTS = YES;
				CLANG_WARN_EMPTY_BODY = YES;
				CLANG_WARN_ENUM_CONVERSION = YES;
				CLANG_WARN_INFINITE_RECURSION = YES;
				CLANG_WARN_INT_CONVERSION = YES;
				CLANG_WARN_OBJC_ROOT_CLASS = YES_ERROR;
				CLANG_WARN_SUSPICIOUS_MOVE = YES;
				CLANG_WARN_UNREACHABLE_CODE = YES;
				CLANG_WARN__DUPLICATE_METHOD_MATCH = YES;
				"CODE_SIGN_IDENTITY[sdk=iphoneos*]" = "iPhone Developer";
				COPY_PHASE_STRIP = NO;
				DEBUG_INFORMATION_FORMAT = dwarf;
				ENABLE_STRICT_OBJC_MSGSEND = YES;
				ENABLE_TESTABILITY = YES;
				GCC_C_LANGUAGE_STANDARD = gnu99;
				GCC_DYNAMIC_NO_PIC = NO;
				GCC_NO_COMMON_BLOCKS = YES;
				GCC_OPTIMIZATION_LEVEL = 0;
				GCC_PREPROCESSOR_DEFINITIONS = (
					"DEBUG=1",
					"$(inherited)",
				);
				GCC_WARN_64_TO_32_BIT_CONVERSION = YES;
				GCC_WARN_ABOUT_RETURN_TYPE = YES_ERROR;
				GCC_WARN_UNDECLARED_SELECTOR = YES;
				GCC_WARN_UNINITIALIZED_AUTOS = YES_AGGRESSIVE;
				GCC_WARN_UNUSED_FUNCTION = YES;
				GCC_WARN_UNUSED_VARIABLE = YES;
				IPHONEOS_DEPLOYMENT_TARGET = 8.0;
				MTL_ENABLE_DEBUG_INFO = YES;
				ONLY_ACTIVE_ARCH = YES;
				SDKROOT = iphoneos;
				TARGETED_DEVICE_FAMILY = "1,2";
			};
			name = Debug;
		};
		B4018EEC1E696D2E00541B59 /* Release */ = {
			isa = XCBuildConfiguration;
			buildSettings = {
				ALWAYS_SEARCH_USER_PATHS = NO;
				CLANG_ANALYZER_NONNULL = YES;
				CLANG_CXX_LANGUAGE_STANDARD = "gnu++0x";
				CLANG_CXX_LIBRARY = "libc++";
				CLANG_ENABLE_MODULES = YES;
				CLANG_ENABLE_OBJC_ARC = YES;
				CLANG_WARN_BOOL_CONVERSION = YES;
				CLANG_WARN_CONSTANT_CONVERSION = YES;
				CLANG_WARN_DIRECT_OBJC_ISA_USAGE = YES_ERROR;
				CLANG_WARN_DOCUMENTATION_COMMENTS = YES;
				CLANG_WARN_EMPTY_BODY = YES;
				CLANG_WARN_ENUM_CONVERSION = YES;
				CLANG_WARN_INFINITE_RECURSION = YES;
				CLANG_WARN_INT_CONVERSION = YES;
				CLANG_WARN_OBJC_ROOT_CLASS = YES_ERROR;
				CLANG_WARN_SUSPICIOUS_MOVE = YES;
				CLANG_WARN_UNREACHABLE_CODE = YES;
				CLANG_WARN__DUPLICATE_METHOD_MATCH = YES;
				"CODE_SIGN_IDENTITY[sdk=iphoneos*]" = "iPhone Developer";
				COPY_PHASE_STRIP = NO;
				DEBUG_INFORMATION_FORMAT = "dwarf-with-dsym";
				ENABLE_NS_ASSERTIONS = NO;
				ENABLE_STRICT_OBJC_MSGSEND = YES;
				GCC_C_LANGUAGE_STANDARD = gnu99;
				GCC_NO_COMMON_BLOCKS = YES;
				GCC_WARN_64_TO_32_BIT_CONVERSION = YES;
				GCC_WARN_ABOUT_RETURN_TYPE = YES_ERROR;
				GCC_WARN_UNDECLARED_SELECTOR = YES;
				GCC_WARN_UNINITIALIZED_AUTOS = YES_AGGRESSIVE;
				GCC_WARN_UNUSED_FUNCTION = YES;
				GCC_WARN_UNUSED_VARIABLE = YES;
				IPHONEOS_DEPLOYMENT_TARGET = 8.0;
				MTL_ENABLE_DEBUG_INFO = NO;
				SDKROOT = iphoneos;
				TARGETED_DEVICE_FAMILY = "1,2";
				VALIDATE_PRODUCT = YES;
			};
			name = Release;
		};
		B4018EEE1E696D2E00541B59 /* Debug */ = {
			isa = XCBuildConfiguration;
			buildSettings = {
				ASSETCATALOG_COMPILER_APPICON_NAME = AppIcon;
				DEVELOPMENT_TEAM = X9ZJGUCD54;
				INFOPLIST_FILE = wheelCollectionView/Info.plist;
				IPHONEOS_DEPLOYMENT_TARGET = 8.0;
				LD_RUNPATH_SEARCH_PATHS = "$(inherited) @executable_path/Frameworks";
				PRODUCT_BUNDLE_IDENTIFIER = com.ashli.wheelCollectionView;
				PRODUCT_NAME = "$(TARGET_NAME)";
				TARGETED_DEVICE_FAMILY = 1;
			};
			name = Debug;
		};
		B4018EEF1E696D2E00541B59 /* Release */ = {
			isa = XCBuildConfiguration;
			buildSettings = {
				ASSETCATALOG_COMPILER_APPICON_NAME = AppIcon;
				DEVELOPMENT_TEAM = X9ZJGUCD54;
				INFOPLIST_FILE = wheelCollectionView/Info.plist;
				IPHONEOS_DEPLOYMENT_TARGET = 8.0;
				LD_RUNPATH_SEARCH_PATHS = "$(inherited) @executable_path/Frameworks";
				PRODUCT_BUNDLE_IDENTIFIER = com.ashli.wheelCollectionView;
				PRODUCT_NAME = "$(TARGET_NAME)";
				TARGETED_DEVICE_FAMILY = 1;
			};
			name = Release;
		};
/* End XCBuildConfiguration section */

/* Begin XCConfigurationList section */
		B4018ECE1E696D2E00541B59 /* Build configuration list for PBXProject "wheelCollectionView" */ = {
			isa = XCConfigurationList;
			buildConfigurations = (
				B4018EEB1E696D2E00541B59 /* Debug */,
				B4018EEC1E696D2E00541B59 /* Release */,
			);
			defaultConfigurationIsVisible = 0;
			defaultConfigurationName = Release;
		};
		B4018EED1E696D2E00541B59 /* Build configuration list for PBXNativeTarget "wheelCollectionView" */ = {
			isa = XCConfigurationList;
			buildConfigurations = (
				B4018EEE1E696D2E00541B59 /* Debug */,
				B4018EEF1E696D2E00541B59 /* Release */,
			);
			defaultConfigurationIsVisible = 0;
			defaultConfigurationName = Release;
		};
/* End XCConfigurationList section */

/* Begin XCVersionGroup section */
		B4018EE21E696D2E00541B59 /* wheelCollectionView.xcdatamodeld */ = {
			isa = XCVersionGroup;
			children = (
				B4018EE31E696D2E00541B59 /* wheelCollectionView.xcdatamodel */,
			);
			currentVersion = B4018EE31E696D2E00541B59 /* wheelCollectionView.xcdatamodel */;
			path = wheelCollectionView.xcdatamodeld;
			sourceTree = "<group>";
			versionGroupType = wrapper.xcdatamodel;
		};
/* End XCVersionGroup section */
	};
	rootObject = B4018ECB1E696D2E00541B59 /* Project object */;
}
